{
  "object": {
    "pins": [
      {
        "package": "SwiftIO",
        "repositoryURL": "git@github.com:armcknight/SwiftIO.git",
        "state": {
          "branch": "master",
          "revision": "c523f345c9e55cbf09a5c4363f380cfb7ad05426",
          "version": null
        }
      },
      {
        "package": "Then",
        "repositoryURL": "git@github.com:armcknight/Then.git",
        "state": {
          "branch": "master",
          "revision": "e421a7b3440a271834337694e6050133a3958bc7",
          "version": null
        }
      }
    ]
  },
  "version": 1
}
